
Microsoft Visual Studio Solution File, Format Version 12.00
# Visual Studio Version 17
VisualStudioVersion = 17.14.36414.22 d17.14
MinimumVisualStudioVersion = 10.0.40219.1
Project("{FAE04EC0-301F-11D3-BF4B-00C04F79EFBC}") = "video4-winform", "video4-winform\video4-winform.csproj", "{8A216394-6888-4759-9F0E-92FDCC7FF07E}"
EndProject
Global
	GlobalSection(SolutionConfigurationPlatforms) = preSolution
		Debug|Any CPU = Debug|Any CPU
		Release|Any CPU = Release|Any CPU
	EndGlobalSection
	GlobalSection(ProjectConfigurationPlatforms) = postSolution
		{8A216394-6888-4759-9F0E-92FDCC7FF07E}.Debug|Any CPU.ActiveCfg = Debug|Any CPU
		{8A216394-6888-4759-9F0E-92FDCC7FF07E}.Debug|Any CPU.Build.0 = Debug|Any CPU
		{8A216394-6888-4759-9F0E-92FDCC7FF07E}.Release|Any CPU.ActiveCfg = Release|Any CPU
		{8A216394-6888-4759-9F0E-92FDCC7FF07E}.Release|Any CPU.Build.0 = Release|Any CPU
	EndGlobalSection
	GlobalSection(SolutionProperties) = preSolution
		HideSolutionNode = FALSE
	EndGlobalSection
	GlobalSection(ExtensibilityGlobals) = postSolution
		SolutionGuid = {4F41E33D-0805-4246-8BB1-C0CB55467D3A}
	EndGlobalSection
EndGlobal
